{
    "version": 3,
    "terraform_version": "0.11.1",
    "serial": 60,
    "lineage": "754ea021-86f0-40c7-8cc5-1597c96ffca1",
    "modules": [
        {
            "path": [
                "root"
            ],
            "outputs": {
                "ip": {
                    "sensitive": false,
                    "type": "string",
                    "value": "142.112.130.185\n"
                }
            },
            "resources": {
                "aws_eip.ins": {
                    "type": "aws_eip",
                    "depends_on": [
                        "aws_instance.iaweb1"
                    ],
                    "primary": {
                        "id": "eipalloc-997150af",
                        "attributes": {
                            "association_id": "eipassoc-848e985f",
                            "domain": "vpc",
                            "id": "eipalloc-997150af",
                            "instance": "i-0b0f8fbdca46454a2",
                            "network_interface": "eni-9134166c",
                            "private_ip": "172.31.22.0",
                            "public_ip": "35.172.176.155",
                            "tags.%": "0",
                            "vpc": "true"
                        },
                        "meta": {},
                        "tainted": false
                    },
                    "deposed": [],
                    "provider": "provider.aws"
                },
                "aws_instance.iaweb1": {
                    "type": "aws_instance",
                    "depends_on": [],
                    "primary": {
                        "id": "i-0b0f8fbdca46454a2",
                        "attributes": {
                            "ami": "ami-97785bed",
                            "associate_public_ip_address": "true",
                            "availability_zone": "us-east-1d",
                            "disable_api_termination": "false",
                            "ebs_block_device.#": "0",
                            "ebs_optimized": "false",
                            "ephemeral_block_device.#": "0",
                            "iam_instance_profile": "",
                            "id": "i-0b0f8fbdca46454a2",
                            "instance_state": "running",
                            "instance_type": "t2.micro",
                            "ipv6_addresses.#": "0",
                            "key_name": "tkey",
                            "monitoring": "false",
                            "network_interface.#": "0",
                            "network_interface_id": "eni-9134166c",
                            "placement_group": "",
                            "primary_network_interface_id": "eni-9134166c",
                            "private_dns": "ip-172-31-22-0.ec2.internal",
                            "private_ip": "172.31.22.0",
                            "public_dns": "ec2-35-172-176-155.compute-1.amazonaws.com",
                            "public_ip": "35.172.176.155",
                            "root_block_device.#": "1",
                            "root_block_device.0.delete_on_termination": "true",
                            "root_block_device.0.iops": "100",
                            "root_block_device.0.volume_id": "vol-028eb5b72242d36be",
                            "root_block_device.0.volume_size": "8",
                            "root_block_device.0.volume_type": "gp2",
                            "security_groups.#": "2",
                            "security_groups.1793345297": "web-access",
                            "security_groups.756400216": "ssh-access",
                            "source_dest_check": "true",
                            "subnet_id": "subnet-c02c048b",
                            "tags.%": "1",
                            "tags.Name": "iacode-webserver",
                            "tenancy": "default",
                            "volume_tags.%": "0",
                            "vpc_security_group_ids.#": "2",
                            "vpc_security_group_ids.2986979090": "sg-7abebf0d",
                            "vpc_security_group_ids.3151516191": "sg-4a40403d"
                        },
                        "meta": {
                            "e2bfb730-ecaa-11e6-8f88-34363bc7c4c0": {
                                "create": 600000000000,
                                "delete": 600000000000,
                                "update": 600000000000
                            },
                            "schema_version": "1"
                        },
                        "tainted": false
                    },
                    "deposed": [],
                    "provider": "provider.aws"
                },
                "aws_route53_zone.primary": {
                    "type": "aws_route53_zone",
                    "depends_on": [],
                    "primary": {
                        "id": "Z2VOOSEZ4XH2DD",
                        "attributes": {
                            "id": "Z2VOOSEZ4XH2DD",
                            "name": "iacode.tech.",
                            "name_servers.#": "4",
                            "name_servers.0": "ns-1400.awsdns-47.org",
                            "name_servers.1": "ns-1678.awsdns-17.co.uk",
                            "name_servers.2": "ns-434.awsdns-54.com",
                            "name_servers.3": "ns-939.awsdns-53.net",
                            "tags.%": "0",
                            "zone_id": "Z2VOOSEZ4XH2DD"
                        },
                        "meta": {},
                        "tainted": false
                    },
                    "deposed": [],
                    "provider": "provider.aws"
                },
                "aws_security_group.ssh-access": {
                    "type": "aws_security_group",
                    "depends_on": [
                        "data.http.getmylocalpubip"
                    ],
                    "primary": {
                        "id": "sg-7abebf0d",
                        "attributes": {
                            "description": "Managed by Terraform",
                            "egress.#": "0",
                            "id": "sg-7abebf0d",
                            "ingress.#": "1",
                            "ingress.3105858042.cidr_blocks.#": "1",
                            "ingress.3105858042.cidr_blocks.0": "142.112.130.185/32",
                            "ingress.3105858042.description": "",
                            "ingress.3105858042.from_port": "22",
                            "ingress.3105858042.ipv6_cidr_blocks.#": "0",
                            "ingress.3105858042.protocol": "tcp",
                            "ingress.3105858042.security_groups.#": "0",
                            "ingress.3105858042.self": "false",
                            "ingress.3105858042.to_port": "22",
                            "name": "ssh-access",
                            "owner_id": "650404934550",
                            "revoke_rules_on_delete": "false",
                            "tags.%": "0",
                            "vpc_id": "vpc-908a85e8"
                        },
                        "meta": {
                            "schema_version": "1"
                        },
                        "tainted": false
                    },
                    "deposed": [],
                    "provider": "provider.aws"
                },
                "aws_security_group.web-access": {
                    "type": "aws_security_group",
                    "depends_on": [
                        "data.http.getmylocalpubip"
                    ],
                    "primary": {
                        "id": "sg-4a40403d",
                        "attributes": {
                            "description": "Managed by Terraform",
                            "egress.#": "0",
                            "id": "sg-4a40403d",
                            "ingress.#": "1",
                            "ingress.2047306011.cidr_blocks.#": "1",
                            "ingress.2047306011.cidr_blocks.0": "142.112.130.185/32",
                            "ingress.2047306011.description": "",
                            "ingress.2047306011.from_port": "0",
                            "ingress.2047306011.ipv6_cidr_blocks.#": "0",
                            "ingress.2047306011.protocol": "tcp",
                            "ingress.2047306011.security_groups.#": "0",
                            "ingress.2047306011.self": "false",
                            "ingress.2047306011.to_port": "0",
                            "name": "web-access",
                            "owner_id": "650404934550",
                            "revoke_rules_on_delete": "false",
                            "tags.%": "0",
                            "vpc_id": "vpc-908a85e8"
                        },
                        "meta": {
                            "schema_version": "1"
                        },
                        "tainted": false
                    },
                    "deposed": [],
                    "provider": "provider.aws"
                },
                "data.http.getmylocalpubip": {
                    "type": "http",
                    "depends_on": [],
                    "primary": {
                        "id": "2018-02-22 23:59:01.38315 +0000 UTC",
                        "attributes": {
                            "body": "142.112.130.185\n",
                            "id": "2018-02-22 23:59:01.38315 +0000 UTC",
                            "url": "http://icanhazip.com"
                        },
                        "meta": {},
                        "tainted": false
                    },
                    "deposed": [],
                    "provider": "provider.http"
                }
            },
            "depends_on": []
        }
    ]
}
